dependencies:
- name: postgresql
  repository: oci://578672650824.dkr.ecr.us-east-2.amazonaws.com/bitnami-charts
  version: 15.5.21-arm64
- name: common
  repository: oci://578672650824.dkr.ecr.us-east-2.amazonaws.com/bitnami-charts
  version: 2.31.4
digest: sha256:41b6a25079bd65e72146b0f4c3c0e766cedb50a7e016acebe16b7b32e16f84d4
generated: "2025-09-19T14:50:37.424963-05:00"
